
Microsoft Visual Studio Solution File, Format Version 12.00
# Visual Studio Version 16
VisualStudioVersion = 16.0.30413.136
MinimumVisualStudioVersion = 10.0.40219.1
Project("{FAE04EC0-301F-11D3-BF4B-00C04F79EFBC}") = "StringInter", "StringInter\StringInter.csproj", "{A3763EEF-EC1C-4065-AC52-B2295AAFB05A}"
EndProject
Project("{FAE04EC0-301F-11D3-BF4B-00C04F79EFBC}") = "Task1", "Task1\Task1.csproj", "{5E27AF11-98E0-440F-8CB0-F79F2A30BC02}"
EndProject
Global
	GlobalSection(SolutionConfigurationPlatforms) = preSolution
		Debug|Any CPU = Debug|Any CPU
		Release|Any CPU = Release|Any CPU
	EndGlobalSection
	GlobalSection(ProjectConfigurationPlatforms) = postSolution
		{A3763EEF-EC1C-4065-AC52-B2295AAFB05A}.Debug|Any CPU.ActiveCfg = Debug|Any CPU
		{A3763EEF-EC1C-4065-AC52-B2295AAFB05A}.Debug|Any CPU.Build.0 = Debug|Any CPU
		{A3763EEF-EC1C-4065-AC52-B2295AAFB05A}.Release|Any CPU.ActiveCfg = Release|Any CPU
		{A3763EEF-EC1C-4065-AC52-B2295AAFB05A}.Release|Any CPU.Build.0 = Release|Any CPU
		{5E27AF11-98E0-440F-8CB0-F79F2A30BC02}.Debug|Any CPU.ActiveCfg = Debug|Any CPU
		{5E27AF11-98E0-440F-8CB0-F79F2A30BC02}.Debug|Any CPU.Build.0 = Debug|Any CPU
		{5E27AF11-98E0-440F-8CB0-F79F2A30BC02}.Release|Any CPU.ActiveCfg = Release|Any CPU
		{5E27AF11-98E0-440F-8CB0-F79F2A30BC02}.Release|Any CPU.Build.0 = Release|Any CPU
	EndGlobalSection
	GlobalSection(SolutionProperties) = preSolution
		HideSolutionNode = FALSE
	EndGlobalSection
	GlobalSection(ExtensibilityGlobals) = postSolution
		SolutionGuid = {2D42E5EB-0FE2-4409-9093-B2D842A03BDC}
	EndGlobalSection
EndGlobal
